{
    "name": "k_chome",
    "version": "1.0.0",
    "lockfileVersion": 3,
    "requires": true,
    "packages": {
        "": {
            "name": "k_chome",
            "version": "1.0.0",
            "license": "GPL-2.0-only",
            "dependencies": {
                "alpinejs": "^3.14.3",
                "bootstrap": "^5.3.3",
                "datatables.net-dt": "^2.1.8",
                "font-awesome": "^4.7.0",
                "jquery": "^3.7.1"
            }
        },
        "node_modules/@popperjs/core": {
            "version": "2.11.8",
            "resolved": "https://registry.npmjs.org/@popperjs/core/-/core-2.11.8.tgz",
            "integrity": "sha512-P1st0aksCrn9sGZhp8GMYwBnQsbvAWsZAX44oXNNvLHGqAOcoVxmjZiohstwQ7SqKnbR47akdNi+uleWD8+g6A==",
            "license": "MIT",
            "peer": true,
            "funding": {
                "type": "opencollective",
                "url": "https://opencollective.com/popperjs"
            }
        },
        "node_modules/@vue/reactivity": {
            "version": "3.1.5",
            "resolved": "https://registry.npmjs.org/@vue/reactivity/-/reactivity-3.1.5.tgz",
            "integrity": "sha512-1tdfLmNjWG6t/CsPldh+foumYFo3cpyCHgBYQ34ylaMsJ+SNHQ1kApMIa8jN+i593zQuaw3AdWH0nJTARzCFhg==",
            "license": "MIT",
            "dependencies": {
                "@vue/shared": "3.1.5"
            }
        },
        "node_modules/@vue/shared": {
            "version": "3.1.5",
            "resolved": "https://registry.npmjs.org/@vue/shared/-/shared-3.1.5.tgz",
            "integrity": "sha512-oJ4F3TnvpXaQwZJNF3ZK+kLPHKarDmJjJ6jyzVNDKH9md1dptjC7lWR//jrGuLdek/U6iltWxqAnYOu8gCiOvA==",
            "license": "MIT"
        },
        "node_modules/alpinejs": {
            "version": "3.14.3",
            "resolved": "https://registry.npmjs.org/alpinejs/-/alpinejs-3.14.3.tgz",
            "integrity": "sha512-cL8JBEDAm4UeVjTN5QnFl8QgMGUwxFn1GvQvu3RtfAHUrAPRahGihrsWpKnEK9L0QMqsAPk/R8MylMWKHaK33A==",
            "license": "MIT",
            "dependencies": {
                "@vue/reactivity": "~3.1.1"
            }
        },
        "node_modules/bootstrap": {
            "version": "5.3.3",
            "resolved": "https://registry.npmjs.org/bootstrap/-/bootstrap-5.3.3.tgz",
            "integrity": "sha512-8HLCdWgyoMguSO9o+aH+iuZ+aht+mzW0u3HIMzVu7Srrpv7EBBxTnrFlSCskwdY1+EOFQSm7uMJhNQHkdPcmjg==",
            "funding": [
                {
                    "type": "github",
                    "url": "https://github.com/sponsors/twbs"
                },
                {
                    "type": "opencollective",
                    "url": "https://opencollective.com/bootstrap"
                }
            ],
            "license": "MIT",
            "peerDependencies": {
                "@popperjs/core": "^2.11.8"
            }
        },
        "node_modules/datatables.net": {
            "version": "2.1.8",
            "resolved": "https://registry.npmjs.org/datatables.net/-/datatables.net-2.1.8.tgz",
            "integrity": "sha512-47ULt+U4bcjbuGTpTlT6SnCuSFVRBxxdWa6X3NfvTObBJ2BZU0o+JUIl05wQ6cABNIavjbAV51gpgvFsMHL9zA==",
            "license": "MIT",
            "dependencies": {
                "jquery": ">=1.7"
            }
        },
        "node_modules/datatables.net-dt": {
            "version": "2.1.8",
            "resolved": "https://registry.npmjs.org/datatables.net-dt/-/datatables.net-dt-2.1.8.tgz",
            "integrity": "sha512-/ScKmyKIpKXzjOJrnJLOWMf2jOQfrYjayNMhUyeMzf3jKhNevHNvImU9MQ/Bab9yheKLjHLL24IgnshAvRFrng==",
            "license": "MIT",
            "dependencies": {
                "datatables.net": "2.1.8",
                "jquery": ">=1.7"
            }
        },
        "node_modules/font-awesome": {
            "version": "4.7.0",
            "resolved": "https://registry.npmjs.org/font-awesome/-/font-awesome-4.7.0.tgz",
            "integrity": "sha512-U6kGnykA/6bFmg1M/oT9EkFeIYv7JlX3bozwQJWiiLz6L0w3F5vBVPxHlwyX/vtNq1ckcpRKOB9f2Qal/VtFpg==",
            "license": "(OFL-1.1 AND MIT)",
            "engines": {
                "node": ">=0.10.3"
            }
        },
        "node_modules/jquery": {
            "version": "3.7.1",
            "resolved": "https://registry.npmjs.org/jquery/-/jquery-3.7.1.tgz",
            "integrity": "sha512-m4avr8yL8kmFN8psrbFFFmB/If14iN5o9nw/NgnnM+kybDJpRsAynV2BsfpTYrTRysYUdADVD7CkUUizgkpLfg==",
            "license": "MIT"
        }
    }
}
